<?xml version="1.0" encoding="utf-8"?>
<Project ToolsVersion="4.0" xmlns="http://schemas.microsoft.com/developer/msbuild/2003">
  <ItemGroup>
    <Filter Include="Source Files">
      <UniqueIdentifier>{4FC737F1-C7A5-4376-A066-2A32D752A2FF}</UniqueIdentifier>
      <Extensions>cpp;c;cc;cxx;def;odl;idl;hpj;bat;asm;asmx</Extensions>
    </Filter>
    <Filter Include="Header Files">
      <UniqueIdentifier>{93995380-89BD-4b04-88EB-625FBE52EBFB}</UniqueIdentifier>
      <Extensions>h;hpp;hxx;hm;inl;inc;xsd</Extensions>
    </Filter>
    <Filter Include="Resource Files">
      <UniqueIdentifier>{67DA6AB6-F800-4c08-8B7A-83BB121AAD01}</UniqueIdentifier>
      <Extensions>rc;ico;cur;bmp;dlg;rc2;rct;bin;rgs;gif;jpg;jpeg;jpe;resx;tiff;tif;png;wav;mfcribbon-ms</Extensions>
    </Filter>
    <Filter Include="Header Files\models">
      <UniqueIdentifier>{891eab2c-c172-45a1-8d7b-48ec9f088b86}</UniqueIdentifier>
    </Filter>
    <Filter Include="Header Files\shaders">
      <UniqueIdentifier>{3806ba57-3ec9-4c62-8f07-cc62135f319f}</UniqueIdentifier>
    </Filter>
    <Filter Include="Source Files\models">
      <UniqueIdentifier>{493ae751-f9eb-44ca-a05c-175b05cf9f87}</UniqueIdentifier>
    </Filter>
    <Filter Include="Source Files\shaders">
      <UniqueIdentifier>{ab8d5427-96f6-405a-80f1-20c16dd90db0}</UniqueIdentifier>
    </Filter>
    <Filter Include="Header Files\helpers">
      <UniqueIdentifier>{754a67d3-5e44-4d56-95dd-86c47ff54a4b}</UniqueIdentifier>
    </Filter>
    <Filter Include="Header Files\base">
      <UniqueIdentifier>{ba4c02af-38e9-4d19-b83b-88eabbe9d6e6}</UniqueIdentifier>
    </Filter>
    <Filter Include="Header Files\controls">
      <UniqueIdentifier>{261f5df7-4407-481c-85a3-105a7af30637}</UniqueIdentifier>
    </Filter>
    <Filter Include="Header Files\ui">
      <UniqueIdentifier>{5f946d3a-2787-4062-8449-6b2912718f77}</UniqueIdentifier>
    </Filter>
    <Filter Include="Source Files\ui">
      <UniqueIdentifier>{c305c6fd-abb2-4510-bb35-817809081011}</UniqueIdentifier>
    </Filter>
    <Filter Include="Source Files\controls">
      <UniqueIdentifier>{c99197f4-ae79-4dd7-883b-24e51eab1bc5}</UniqueIdentifier>
    </Filter>
    <Filter Include="Source Files\base">
      <UniqueIdentifier>{066e459f-89cf-4e34-806c-ca4edbc14d3e}</UniqueIdentifier>
    </Filter>
    <Filter Include="Source Files\helpers">
      <UniqueIdentifier>{49dec36e-d572-467a-b7ba-56569e8997cb}</UniqueIdentifier>
    </Filter>
    <Filter Include="Source Files\base\managers">
      <UniqueIdentifier>{48d97308-b11a-4614-8b8f-71ad580a5b6d}</UniqueIdentifier>
    </Filter>
    <Filter Include="Header Files\base\managers">
      <UniqueIdentifier>{2555786a-6ccb-4ab9-b864-b296bb492ffd}</UniqueIdentifier>
    </Filter>
    <Filter Include="Header Files\base\containers">
      <UniqueIdentifier>{77155405-0496-40d3-80c4-77423bbbfd49}</UniqueIdentifier>
    </Filter>
    <Filter Include="Source Files\base\containers">
      <UniqueIdentifier>{509ec556-1359-4ce9-b759-fd988f41853a}</UniqueIdentifier>
    </Filter>
  </ItemGroup>
  <ItemGroup>
    <ClCompile Include="main.cpp">
      <Filter>Source Files</Filter>
    </ClCompile>
    <ClCompile Include="shader_torus.cpp">
      <Filter>Source Files\shaders</Filter>
    </ClCompile>
    <ClCompile Include="modelclass.cpp">
      <Filter>Source Files\models</Filter>
    </ClCompile>
    <ClCompile Include="torus.cpp">
      <Filter>Source Files\models</Filter>
    </ClCompile>
    <ClCompile Include="shader_base.cpp">
      <Filter>Source Files\shaders</Filter>
    </ClCompile>
    <ClCompile Include="elipsoid.cpp">
      <Filter>Source Files\models</Filter>
    </ClCompile>
    <ClCompile Include="shader_elipsoid.cpp">
      <Filter>Source Files\shaders</Filter>
    </ClCompile>
    <ClCompile Include="camera.cpp">
      <Filter>Source Files</Filter>
    </ClCompile>
    <ClCompile Include="applicationBase.cpp">
      <Filter>Source Files\base</Filter>
    </ClCompile>
    <ClCompile Include="scene.cpp">
      <Filter>Source Files\base</Filter>
    </ClCompile>
    <ClCompile Include="deviceHelper.cpp">
      <Filter>Source Files\helpers</Filter>
    </ClCompile>
    <ClCompile Include="exceptions.cpp">
      <Filter>Source Files\helpers</Filter>
    </ClCompile>
    <ClCompile Include="utils.cpp">
      <Filter>Source Files\helpers</Filter>
    </ClCompile>
    <ClCompile Include="vertices.cpp">
      <Filter>Source Files\helpers</Filter>
    </ClCompile>
    <ClCompile Include="input.cpp">
      <Filter>Source Files\controls</Filter>
    </ClCompile>
    <ClCompile Include="inputclass.cpp">
      <Filter>Source Files\controls</Filter>
    </ClCompile>
    <ClCompile Include="camera.cpp">
      <Filter>Source Files\base</Filter>
    </ClCompile>
    <ClCompile Include="sceneHelper.cpp">
      <Filter>Source Files\helpers</Filter>
    </ClCompile>
    <ClCompile Include="modelsManager.cpp">
      <Filter>Source Files\base\managers</Filter>
    </ClCompile>
    <ClCompile Include="service.cpp">
      <Filter>Source Files\base\containers</Filter>
    </ClCompile>
    <ClCompile Include="window.cpp">
      <Filter>Source Files\ui</Filter>
    </ClCompile>
    <ClCompile Include="settings.cpp">
      <Filter>Source Files\ui</Filter>
    </ClCompile>
    <ClCompile Include="simple_point .cpp">
      <Filter>Source Files\models</Filter>
    </ClCompile>
    <ClCompile Include="shader_simple_point.cpp">
      <Filter>Source Files\shaders</Filter>
    </ClCompile>
    <ClCompile Include="cursor.cpp">
      <Filter>Source Files\models</Filter>
    </ClCompile>
    <ClCompile Include="shader_cursor.cpp">
      <Filter>Source Files\shaders</Filter>
    </ClCompile>
  </ItemGroup>
  <ItemGroup>
    <ClInclude Include="modelclass.h">
      <Filter>Header Files\models</Filter>
    </ClInclude>
    <ClInclude Include="torus.h">
      <Filter>Header Files\models</Filter>
    </ClInclude>
    <ClInclude Include="shader_torus.h">
      <Filter>Header Files\shaders</Filter>
    </ClInclude>
    <ClInclude Include="shader_base.h">
      <Filter>Header Files\shaders</Filter>
    </ClInclude>
    <ClInclude Include="elipsoid.h">
      <Filter>Header Files\models</Filter>
    </ClInclude>
    <ClInclude Include="shader_elipsoid.h">
      <Filter>Header Files\shaders</Filter>
    </ClInclude>
    <ClInclude Include="deviceHelper.h">
      <Filter>Header Files\helpers</Filter>
    </ClInclude>
    <ClInclude Include="exceptions.h">
      <Filter>Header Files\helpers</Filter>
    </ClInclude>
    <ClInclude Include="utils.h">
      <Filter>Header Files\helpers</Filter>
    </ClInclude>
    <ClInclude Include="vertices.h">
      <Filter>Header Files\helpers</Filter>
    </ClInclude>
    <ClInclude Include="applicationBase.h">
      <Filter>Header Files\base</Filter>
    </ClInclude>
    <ClInclude Include="scene.h">
      <Filter>Header Files\base</Filter>
    </ClInclude>
    <ClInclude Include="input.h">
      <Filter>Header Files\controls</Filter>
    </ClInclude>
    <ClInclude Include="inputclass.h">
      <Filter>Header Files\controls</Filter>
    </ClInclude>
    <ClInclude Include="window.h">
      <Filter>Header Files\ui</Filter>
    </ClInclude>
    <ClInclude Include="resource.h">
      <Filter>Header Files</Filter>
    </ClInclude>
    <ClInclude Include="sceneHelper.h">
      <Filter>Header Files\helpers</Filter>
    </ClInclude>
    <ClInclude Include="modelsManager.h">
      <Filter>Header Files\base\managers</Filter>
    </ClInclude>
    <ClInclude Include="settings.h">
      <Filter>Header Files\ui</Filter>
    </ClInclude>
    <ClInclude Include="service.h">
      <Filter>Header Files\base\containers</Filter>
    </ClInclude>
    <ClInclude Include="simple_point .h">
      <Filter>Header Files\models</Filter>
    </ClInclude>
    <ClInclude Include="shader_simple_point.h">
      <Filter>Header Files\shaders</Filter>
    </ClInclude>
    <ClInclude Include="cursor.h">
      <Filter>Header Files\models</Filter>
    </ClInclude>
    <ClInclude Include="shader_cursor.h">
      <Filter>Header Files\shaders</Filter>
    </ClInclude>
  </ItemGroup>
  <ItemGroup>
    <None Include="resources\shaders\Butterfly.hlsl">
      <Filter>Resource Files</Filter>
    </None>
    <None Include="resources\shaders\Torus.hlsl">
      <Filter>Resource Files</Filter>
    </None>
    <None Include="resources\shaders\Elipsoid.hlsl">
      <Filter>Resource Files</Filter>
    </None>
    <None Include="ribbon1.mfcribbon-ms">
      <Filter>Resource Files</Filter>
    </None>
    <None Include="resources\shaders\SimplePoint.hlsl">
      <Filter>Resource Files</Filter>
    </None>
    <None Include="resources\shaders\Cursor.hlsl">
      <Filter>Resource Files</Filter>
    </None>
  </ItemGroup>
  <ItemGroup>
    <ResourceCompile Include="Modelowanie.rc">
      <Filter>Resource Files</Filter>
    </ResourceCompile>
  </ItemGroup>
  <ItemGroup>
    <Image Include="toolbar1.bmp">
      <Filter>Resource Files</Filter>
    </Image>
  </ItemGroup>
</Project>